// !$*UTF8*$!
{
	archiveVersion = 1;
	classes = {
	};
	objectVersion = 50;
	objects = {

/* Begin PBXBuildFile section */
		F2234FD923B5CED400CB6A74 /* AppDelegate.swift in Sources */ = {isa = PBXBuildFile; fileRef = F2234FD823B5CED400CB6A74 /* AppDelegate.swift */; };
		F2234FDB23B5CED400CB6A74 /* SceneDelegate.swift in Sources */ = {isa = PBXBuildFile; fileRef = F2234FDA23B5CED400CB6A74 /* SceneDelegate.swift */; };
		F2234FDD23B5CED400CB6A74 /* ViewController.swift in Sources */ = {isa = PBXBuildFile; fileRef = F2234FDC23B5CED400CB6A74 /* ViewController.swift */; };
		F2234FE023B5CED400CB6A74 /* Main.storyboard in Resources */ = {isa = PBXBuildFile; fileRef = F2234FDE23B5CED400CB6A74 /* Main.storyboard */; };
		F2234FE223B5CED600CB6A74 /* Assets.xcassets in Resources */ = {isa = PBXBuildFile; fileRef = F2234FE123B5CED600CB6A74 /* Assets.xcassets */; };
		F2234FE523B5CED600CB6A74 /* LaunchScreen.storyboard in Resources */ = {isa = PBXBuildFile; fileRef = F2234FE323B5CED600CB6A74 /* LaunchScreen.storyboard */; };
/* End PBXBuildFile section */

/* Begin PBXFileReference section */
		F2234FD523B5CED400CB6A74 /* DiceRollApp.app */ = {isa = PBXFileReference; explicitFileType = wrapper.application; includeInIndex = 0; path = DiceRollApp.app; sourceTree = BUILT_PRODUCTS_DIR; };
		F2234FD823B5CED400CB6A74 /* AppDelegate.swift */ = {isa = PBXFileReference; lastKnownFileType = sourcecode.swift; path = AppDelegate.swift; sourceTree = "<group>"; };
		F2234FDA23B5CED400CB6A74 /* SceneDelegate.swift */ = {isa = PBXFileReference; lastKnownFileType = sourcecode.swift; path = SceneDelegate.swift; sourceTree = "<group>"; };
		F2234FDC23B5CED400CB6A74 /* ViewController.swift */ = {isa = PBXFileReference; lastKnownFileType = sourcecode.swift; path = ViewController.swift; sourceTree = "<group>"; };
		F2234FDF23B5CED400CB6A74 /* Base */ = {isa = PBXFileReference; lastKnownFileType = file.storyboard; name = Base; path = Base.lproj/Main.storyboard; sourceTree = "<group>"; };
		F2234FE123B5CED600CB6A74 /* Assets.xcassets */ = {isa = PBXFileReference; lastKnownFileType = folder.assetcatalog; path = Assets.xcassets; sourceTree = "<group>"; };
		F2234FE423B5CED600CB6A74 /* Base */ = {isa = PBXFileReference; lastKnownFileType = file.storyboard; name = Base; path = Base.lproj/LaunchScreen.storyboard; sourceTree = "<group>"; };
		F2234FE623B5CED600CB6A74 /* Info.plist */ = {isa = PBXFileReference; lastKnownFileType = text.plist.xml; path = Info.plist; sourceTree = "<group>"; };
/* End PBXFileReference section */

/* Begin PBXFrameworksBuildPhase section */
		F2234FD223B5CED400CB6A74 /* Frameworks */ = {
			isa = PBXFrameworksBuildPhase;
			buildActionMask = 2147483647;
			files = (
			);
			runOnlyForDeploymentPostprocessing = 0;
		};
/* End PBXFrameworksBuildPhase section */

/* Begin PBXGroup section */
		F2234FCC23B5CED400CB6A74 = {
			isa = PBXGroup;
			children = (
				F2234FD723B5CED400CB6A74 /* DiceRollApp */,
				F2234FD623B5CED400CB6A74 /* Products */,
			);
			sourceTree = "<group>";
		};
		F2234FD623B5CED400CB6A74 /* Products */ = {
			isa = PBXGroup;
			children = (
				F2234FD523B5CED400CB6A74 /* DiceRollApp.app */,
			);
			name = Products;
			sourceTree = "<group>";
		};
		F2234FD723B5CED400CB6A74 /* DiceRollApp */ = {
			isa = PBXGroup;
			children = (
				F2234FD823B5CED400CB6A74 /* AppDelegate.swift */,
				F2234FDA23B5CED400CB6A74 /* SceneDelegate.swift */,
				F2234FDC23B5CED400CB6A74 /* ViewController.swift */,
				F2234FDE23B5CED400CB6A74 /* Main.storyboard */,
				F2234FE123B5CED600CB6A74 /* Assets.xcassets */,
				F2234FE323B5CED600CB6A74 /* LaunchScreen.storyboard */,
				F2234FE623B5CED600CB6A74 /* Info.plist */,
			);
			path = DiceRollApp;
			sourceTree = "<group>";
		};
/* End PBXGroup section */

/* Begin PBXNativeTarget section */
		F2234FD423B5CED400CB6A74 /* DiceRollApp */ = {
			isa = PBXNativeTarget;
			buildConfigurationList = F2234FE923B5CED600CB6A74 /* Build configuration list for PBXNativeTarget "DiceRollApp" */;
			buildPhases = (
				F2234FD123B5CED400CB6A74 /* Sources */,
				F2234FD223B5CED400CB6A74 /* Frameworks */,
				F2234FD323B5CED400CB6A74 /* Resources */,
			);
			buildRules = (
			);
			dependencies = (
			);
			name = DiceRollApp;
			productName = DiceRollApp;
			productReference = F2234FD523B5CED400CB6A74 /* DiceRollApp.app */;
			productType = "com.apple.product-type.application";
		};
/* End PBXNativeTarget section */

/* Begin PBXProject section */
		F2234FCD23B5CED400CB6A74 /* Project object */ = {
			isa = PBXProject;
			attributes = {
				LastSwiftUpdateCheck = 1130;
				LastUpgradeCheck = 1130;
				ORGANIZATIONNAME = tgnco1218;
				TargetAttributes = {
					F2234FD423B5CED400CB6A74 = {
						CreatedOnToolsVersion = 11.3;
					};
				};
			};
			buildConfigurationList = F2234FD023B5CED400CB6A74 /* Build configuration list for PBXProject "DiceRollApp" */;
			compatibilityVersion = "Xcode 9.3";
			developmentRegion = en;
			hasScannedForEncodings = 0;
			knownRegions = (
				en,
				Base,
			);
			mainGroup = F2234FCC23B5CED400CB6A74;
			productRefGroup = F2234FD623B5CED400CB6A74 /* Products */;
			projectDirPath = "";
			projectRoot = "";
			targets = (
				F2234FD423B5CED400CB6A74 /* DiceRollApp */,
			);
		};
/* End PBXProject section */

/* Begin PBXResourcesBuildPhase section */
		F2234FD323B5CED400CB6A74 /* Resources */ = {
			isa = PBXResourcesBuildPhase;
			buildActionMask = 2147483647;
			files = (
				F2234FE523B5CED600CB6A74 /* LaunchScreen.storyboard in Resources */,
				F2234FE223B5CED600CB6A74 /* Assets.xcassets in Resources */,
				F2234FE023B5CED400CB6A74 /* Main.storyboard in Resources */,
			);
			runOnlyForDeploymentPostprocessing = 0;
		};
/* End PBXResourcesBuildPhase section */

/* Begin PBXSourcesBuildPhase section */
		F2234FD123B5CED400CB6A74 /* Sources */ = {
			isa = PBXSourcesBuildPhase;
			buildActionMask = 2147483647;
			files = (
				F2234FDD23B5CED400CB6A74 /* ViewController.swift in Sources */,
				F2234FD923B5CED400CB6A74 /* AppDelegate.swift in Sources */,
				F2234FDB23B5CED400CB6A74 /* SceneDelegate.swift in Sources */,
			);
			runOnlyForDeploymentPostprocessing = 0;
		};
/* End PBXSourcesBuildPhase section */

/* Begin PBXVariantGroup section */
		F2234FDE23B5CED400CB6A74 /* Main.storyboard */ = {
			isa = PBXVariantGroup;
			children = (
				F2234FDF23B5CED400CB6A74 /* Base */,
			);
			name = Main.storyboard;
			sourceTree = "<group>";
		};
		F2234FE323B5CED600CB6A74 /* LaunchScreen.storyboard */ = {
			isa = PBXVariantGroup;
			children = (
				F2234FE423B5CED600CB6A74 /* Base */,
			);
			name = LaunchScreen.storyboard;
			sourceTree = "<group>";
		};
/* End PBXVariantGroup section */

/* Begin XCBuildConfiguration section */
		F2234FE723B5CED600CB6A74 /* Debug */ = {
			isa = XCBuildConfiguration;
			buildSettings = {
				ALWAYS_SEARCH_USER_PATHS = NO;
				CLANG_ANALYZER_NONNULL = YES;
				CLANG_ANALYZER_NUMBER_OBJECT_CONVERSION = YES_AGGRESSIVE;
				CLANG_CXX_LANGUAGE_STANDARD = "gnu++14";
				CLANG_CXX_LIBRARY = "libc++";
				CLANG_ENABLE_MODULES = YES;
				CLANG_ENABLE_OBJC_ARC = YES;
				CLANG_ENABLE_OBJC_WEAK = YES;
				CLANG_WARN_BLOCK_CAPTURE_AUTORELEASING = YES;
				CLANG_WARN_BOOL_CONVERSION = YES;
				CLANG_WARN_COMMA = YES;
				CLANG_WARN_CONSTANT_CONVERSION = YES;
				CLANG_WARN_DEPRECATED_OBJC_IMPLEMENTATIONS = YES;
				CLANG_WARN_DIRECT_OBJC_ISA_USAGE = YES_ERROR;
				CLANG_WARN_DOCUMENTATION_COMMENTS = YES;
				CLANG_WARN_EMPTY_BODY = YES;
				CLANG_WARN_ENUM_CONVERSION = YES;
				CLANG_WARN_INFINITE_RECURSION = YES;
				CLANG_WARN_INT_CONVERSION = YES;
				CLANG_WARN_NON_LITERAL_NULL_CONVERSION = YES;
				CLANG_WARN_OBJC_IMPLICIT_RETAIN_SELF = YES;
				CLANG_WARN_OBJC_LITERAL_CONVERSION = YES;
				CLANG_WARN_OBJC_ROOT_CLASS = YES_ERROR;
				CLANG_WARN_RANGE_LOOP_ANALYSIS = YES;
				CLANG_WARN_STRICT_PROTOTYPES = YES;
				CLANG_WARN_SUSPICIOUS_MOVE = YES;
				CLANG_WARN_UNGUARDED_AVAILABILITY = YES_AGGRESSIVE;
				CLANG_WARN_UNREACHABLE_CODE = YES;
				CLANG_WARN__DUPLICATE_METHOD_MATCH = YES;
				COPY_PHASE_STRIP = NO;
				DEBUG_INFORMATION_FORMAT = dwarf;
				ENABLE_STRICT_OBJC_MSGSEND = YES;
				ENABLE_TESTABILITY = YES;
				GCC_C_LANGUAGE_STANDARD = gnu11;
				GCC_DYNAMIC_NO_PIC = NO;
				GCC_NO_COMMON_BLOCKS = YES;
				GCC_OPTIMIZATION_LEVEL = 0;
				GCC_PREPROCESSOR_DEFINITIONS = (
					"DEBUG=1",
					"$(inherited)",
				);
				GCC_WARN_64_TO_32_BIT_CONVERSION = YES;
				GCC_WARN_ABOUT_RETURN_TYPE = YES_ERROR;
				GCC_WARN_UNDECLARED_SELECTOR = YES;
				GCC_WARN_UNINITIALIZED_AUTOS = YES_AGGRESSIVE;
				GCC_WARN_UNUSED_FUNCTION = YES;
				GCC_WARN_UNUSED_VARIABLE = YES;
				IPHONEOS_DEPLOYMENT_TARGET = 13.2;
				MTL_ENABLE_DEBUG_INFO = INCLUDE_SOURCE;
				MTL_FAST_MATH = YES;
				ONLY_ACTIVE_ARCH = YES;
				SDKROOT = iphoneos;
				SWIFT_ACTIVE_COMPILATION_CONDITIONS = DEBUG;
				SWIFT_OPTIMIZATION_LEVEL = "-Onone";
			};
			name = Debug;
		};
		F2234FE823B5CED600CB6A74 /* Release */ = {
			isa = XCBuildConfiguration;
			buildSettings = {
				ALWAYS_SEARCH_USER_PATHS = NO;
				CLANG_ANALYZER_NONNULL = YES;
				CLANG_ANALYZER_NUMBER_OBJECT_CONVERSION = YES_AGGRESSIVE;
				CLANG_CXX_LANGUAGE_STANDARD = "gnu++14";
				CLANG_CXX_LIBRARY = "libc++";
				CLANG_ENABLE_MODULES = YES;
				CLANG_ENABLE_OBJC_ARC = YES;
				CLANG_ENABLE_OBJC_WEAK = YES;
				CLANG_WARN_BLOCK_CAPTURE_AUTORELEASING = YES;
				CLANG_WARN_BOOL_CONVERSION = YES;
				CLANG_WARN_COMMA = YES;
				CLANG_WARN_CONSTANT_CONVERSION = YES;
				CLANG_WARN_DEPRECATED_OBJC_IMPLEMENTATIONS = YES;
				CLANG_WARN_DIRECT_OBJC_ISA_USAGE = YES_ERROR;
				CLANG_WARN_DOCUMENTATION_COMMENTS = YES;
				CLANG_WARN_EMPTY_BODY = YES;
				CLANG_WARN_ENUM_CONVERSION = YES;
				CLANG_WARN_INFINITE_RECURSION = YES;
				CLANG_WARN_INT_CONVERSION = YES;
				CLANG_WARN_NON_LITERAL_NULL_CONVERSION = YES;
				CLANG_WARN_OBJC_IMPLICIT_RETAIN_SELF = YES;
				CLANG_WARN_OBJC_LITERAL_CONVERSION = YES;
				CLANG_WARN_OBJC_ROOT_CLASS = YES_ERROR;
				CLANG_WARN_RANGE_LOOP_ANALYSIS = YES;
				CLANG_WARN_STRICT_PROTOTYPES = YES;
				CLANG_WARN_SUSPICIOUS_MOVE = YES;
				CLANG_WARN_UNGUARDED_AVAILABILITY = YES_AGGRESSIVE;
				CLANG_WARN_UNREACHABLE_CODE = YES;
				CLANG_WARN__DUPLICATE_METHOD_MATCH = YES;
				COPY_PHASE_STRIP = NO;
				DEBUG_INFORMATION_FORMAT = "dwarf-with-dsym";
				ENABLE_NS_ASSERTIONS = NO;
				ENABLE_STRICT_OBJC_MSGSEND = YES;
				GCC_C_LANGUAGE_STANDARD = gnu11;
				GCC_NO_COMMON_BLOCKS = YES;
				GCC_WARN_64_TO_32_BIT_CONVERSION = YES;
				GCC_WARN_ABOUT_RETURN_TYPE = YES_ERROR;
				GCC_WARN_UNDECLARED_SELECTOR = YES;
				GCC_WARN_UNINITIALIZED_AUTOS = YES_AGGRESSIVE;
				GCC_WARN_UNUSED_FUNCTION = YES;
				GCC_WARN_UNUSED_VARIABLE = YES;
				IPHONEOS_DEPLOYMENT_TARGET = 13.2;
				MTL_ENABLE_DEBUG_INFO = NO;
				MTL_FAST_MATH = YES;
				SDKROOT = iphoneos;
				SWIFT_COMPILATION_MODE = wholemodule;
				SWIFT_OPTIMIZATION_LEVEL = "-O";
				VALIDATE_PRODUCT = YES;
			};
			name = Release;
		};
		F2234FEA23B5CED600CB6A74 /* Debug */ = {
			isa = XCBuildConfiguration;
			buildSettings = {
				ASSETCATALOG_COMPILER_APPICON_NAME = AppIcon;
				CODE_SIGN_STYLE = Automatic;
				DEVELOPMENT_TEAM = 7R65CKM28Y;
				INFOPLIST_FILE = DiceRollApp/Info.plist;
				LD_RUNPATH_SEARCH_PATHS = (
					"$(inherited)",
					"@executable_path/Frameworks",
				);
				PRODUCT_BUNDLE_IDENTIFIER = com.tgnco1218.DiceRollApp;
				PRODUCT_NAME = "$(TARGET_NAME)";
				SWIFT_VERSION = 5.0;
				TARGETED_DEVICE_FAMILY = "1,2";
			};
			name = Debug;
		};
		F2234FEB23B5CED600CB6A74 /* Release */ = {
			isa = XCBuildConfiguration;
			buildSettings = {
				ASSETCATALOG_COMPILER_APPICON_NAME = AppIcon;
				CODE_SIGN_STYLE = Automatic;
				DEVELOPMENT_TEAM = 7R65CKM28Y;
				INFOPLIST_FILE = DiceRollApp/Info.plist;
				LD_RUNPATH_SEARCH_PATHS = (
					"$(inherited)",
					"@executable_path/Frameworks",
				);
				PRODUCT_BUNDLE_IDENTIFIER = com.tgnco1218.DiceRollApp;
				PRODUCT_NAME = "$(TARGET_NAME)";
				SWIFT_VERSION = 5.0;
				TARGETED_DEVICE_FAMILY = "1,2";
			};
			name = Release;
		};
/* End XCBuildConfiguration section */

/* Begin XCConfigurationList section */
		F2234FD023B5CED400CB6A74 /* Build configuration list for PBXProject "DiceRollApp" */ = {
			isa = XCConfigurationList;
			buildConfigurations = (
				F2234FE723B5CED600CB6A74 /* Debug */,
				F2234FE823B5CED600CB6A74 /* Release */,
			);
			defaultConfigurationIsVisible = 0;
			defaultConfigurationName = Release;
		};
		F2234FE923B5CED600CB6A74 /* Build configuration list for PBXNativeTarget "DiceRollApp" */ = {
			isa = XCConfigurationList;
			buildConfigurations = (
				F2234FEA23B5CED600CB6A74 /* Debug */,
				F2234FEB23B5CED600CB6A74 /* Release */,
			);
			defaultConfigurationIsVisible = 0;
			defaultConfigurationName = Release;
		};
/* End XCConfigurationList section */
	};
	rootObject = F2234FCD23B5CED400CB6A74 /* Project object */;
}
